// !$*UTF8*$!
{
	archiveVersion = 1;
	classes = {
	};
	objectVersion = 46;
	objects = {

/* Begin PBXBuildFile section */
		369E5AAA1D067DE700263EBA /* AppDelegate.swift in Sources */ = {isa = PBXBuildFile; fileRef = 369E5AA91D067DE700263EBA /* AppDelegate.swift */; };
		369E5AAC1D067DE700263EBA /* ViewController.swift in Sources */ = {isa = PBXBuildFile; fileRef = 369E5AAB1D067DE700263EBA /* ViewController.swift */; };
		369E5AAF1D067DE700263EBA /* Main.storyboard in Resources */ = {isa = PBXBuildFile; fileRef = 369E5AAD1D067DE700263EBA /* Main.storyboard */; };
		369E5AB11D067DE700263EBA /* Assets.xcassets in Resources */ = {isa = PBXBuildFile; fileRef = 369E5AB01D067DE700263EBA /* Assets.xcassets */; };
		369E5AB41D067DE700263EBA /* LaunchScreen.storyboard in Resources */ = {isa = PBXBuildFile; fileRef = 369E5AB21D067DE700263EBA /* LaunchScreen.storyboard */; };
/* End PBXBuildFile section */

/* Begin PBXFileReference section */
		369E5AA61D067DE700263EBA /* realDemo.app */ = {isa = PBXFileReference; explicitFileType = wrapper.application; includeInIndex = 0; path = realDemo.app; sourceTree = BUILT_PRODUCTS_DIR; };
		369E5AA91D067DE700263EBA /* AppDelegate.swift */ = {isa = PBXFileReference; lastKnownFileType = sourcecode.swift; path = AppDelegate.swift; sourceTree = "<group>"; };
		369E5AAB1D067DE700263EBA /* ViewController.swift */ = {isa = PBXFileReference; lastKnownFileType = sourcecode.swift; path = ViewController.swift; sourceTree = "<group>"; };
		369E5AAE1D067DE700263EBA /* Base */ = {isa = PBXFileReference; lastKnownFileType = file.storyboard; name = Base; path = Base.lproj/Main.storyboard; sourceTree = "<group>"; };
		369E5AB01D067DE700263EBA /* Assets.xcassets */ = {isa = PBXFileReference; lastKnownFileType = folder.assetcatalog; path = Assets.xcassets; sourceTree = "<group>"; };
		369E5AB31D067DE700263EBA /* Base */ = {isa = PBXFileReference; lastKnownFileType = file.storyboard; name = Base; path = Base.lproj/LaunchScreen.storyboard; sourceTree = "<group>"; };
		369E5AB51D067DE700263EBA /* Info.plist */ = {isa = PBXFileReference; lastKnownFileType = text.plist.xml; path = Info.plist; sourceTree = "<group>"; };
/* End PBXFileReference section */

/* Begin PBXFrameworksBuildPhase section */
		369E5AA31D067DE700263EBA /* Frameworks */ = {
			isa = PBXFrameworksBuildPhase;
			buildActionMask = 2147483647;
			files = (
			);
			runOnlyForDeploymentPostprocessing = 0;
		};
/* End PBXFrameworksBuildPhase section */

/* Begin PBXGroup section */
		369E5A9D1D067DE700263EBA = {
			isa = PBXGroup;
			children = (
				369E5AA81D067DE700263EBA /* realDemo */,
				369E5AA71D067DE700263EBA /* Products */,
			);
			sourceTree = "<group>";
		};
		369E5AA71D067DE700263EBA /* Products */ = {
			isa = PBXGroup;
			children = (
				369E5AA61D067DE700263EBA /* realDemo.app */,
			);
			name = Products;
			sourceTree = "<group>";
		};
		369E5AA81D067DE700263EBA /* realDemo */ = {
			isa = PBXGroup;
			children = (
				369E5AA91D067DE700263EBA /* AppDelegate.swift */,
				369E5AAB1D067DE700263EBA /* ViewController.swift */,
				369E5AAD1D067DE700263EBA /* Main.storyboard */,
				369E5AB01D067DE700263EBA /* Assets.xcassets */,
				369E5AB21D067DE700263EBA /* LaunchScreen.storyboard */,
				369E5AB51D067DE700263EBA /* Info.plist */,
			);
			path = realDemo;
			sourceTree = "<group>";
		};
/* End PBXGroup section */

/* Begin PBXNativeTarget section */
		369E5AA51D067DE700263EBA /* realDemo */ = {
			isa = PBXNativeTarget;
			buildConfigurationList = 369E5AB81D067DE700263EBA /* Build configuration list for PBXNativeTarget "realDemo" */;
			buildPhases = (
				369E5AA21D067DE700263EBA /* Sources */,
				369E5AA31D067DE700263EBA /* Frameworks */,
				369E5AA41D067DE700263EBA /* Resources */,
			);
			buildRules = (
			);
			dependencies = (
			);
			name = realDemo;
			productName = realDemo;
			productReference = 369E5AA61D067DE700263EBA /* realDemo.app */;
			productType = "com.apple.product-type.application";
		};
/* End PBXNativeTarget section */

/* Begin PBXProject section */
		369E5A9E1D067DE700263EBA /* Project object */ = {
			isa = PBXProject;
			attributes = {
				LastSwiftUpdateCheck = 0730;
				LastUpgradeCheck = 0730;
				ORGANIZATIONNAME = "Anh Tuan";
				TargetAttributes = {
					369E5AA51D067DE700263EBA = {
						CreatedOnToolsVersion = 7.3.1;
					};
				};
			};
			buildConfigurationList = 369E5AA11D067DE700263EBA /* Build configuration list for PBXProject "realDemo" */;
			compatibilityVersion = "Xcode 3.2";
			developmentRegion = English;
			hasScannedForEncodings = 0;
			knownRegions = (
				en,
				Base,
			);
			mainGroup = 369E5A9D1D067DE700263EBA;
			productRefGroup = 369E5AA71D067DE700263EBA /* Products */;
			projectDirPath = "";
			projectRoot = "";
			targets = (
				369E5AA51D067DE700263EBA /* realDemo */,
			);
		};
/* End PBXProject section */

/* Begin PBXResourcesBuildPhase section */
		369E5AA41D067DE700263EBA /* Resources */ = {
			isa = PBXResourcesBuildPhase;
			buildActionMask = 2147483647;
			files = (
				369E5AB41D067DE700263EBA /* LaunchScreen.storyboard in Resources */,
				369E5AB11D067DE700263EBA /* Assets.xcassets in Resources */,
				369E5AAF1D067DE700263EBA /* Main.storyboard in Resources */,
			);
			runOnlyForDeploymentPostprocessing = 0;
		};
/* End PBXResourcesBuildPhase section */

/* Begin PBXSourcesBuildPhase section */
		369E5AA21D067DE700263EBA /* Sources */ = {
			isa = PBXSourcesBuildPhase;
			buildActionMask = 2147483647;
			files = (
				369E5AAC1D067DE700263EBA /* ViewController.swift in Sources */,
				369E5AAA1D067DE700263EBA /* AppDelegate.swift in Sources */,
			);
			runOnlyForDeploymentPostprocessing = 0;
		};
/* End PBXSourcesBuildPhase section */

/* Begin PBXVariantGroup section */
		369E5AAD1D067DE700263EBA /* Main.storyboard */ = {
			isa = PBXVariantGroup;
			children = (
				369E5AAE1D067DE700263EBA /* Base */,
			);
			name = Main.storyboard;
			sourceTree = "<group>";
		};
		369E5AB21D067DE700263EBA /* LaunchScreen.storyboard */ = {
			isa = PBXVariantGroup;
			children = (
				369E5AB31D067DE700263EBA /* Base */,
			);
			name = LaunchScreen.storyboard;
			sourceTree = "<group>";
		};
/* End PBXVariantGroup section */

/* Begin XCBuildConfiguration section */
		369E5AB61D067DE700263EBA /* Debug */ = {
			isa = XCBuildConfiguration;
			buildSettings = {
				ALWAYS_SEARCH_USER_PATHS = NO;
				CLANG_ANALYZER_NONNULL = YES;
				CLANG_CXX_LANGUAGE_STANDARD = "gnu++0x";
				CLANG_CXX_LIBRARY = "libc++";
				CLANG_ENABLE_MODULES = YES;
				CLANG_ENABLE_OBJC_ARC = YES;
				CLANG_WARN_BOOL_CONVERSION = YES;
				CLANG_WARN_CONSTANT_CONVERSION = YES;
				CLANG_WARN_DIRECT_OBJC_ISA_USAGE = YES_ERROR;
				CLANG_WARN_EMPTY_BODY = YES;
				CLANG_WARN_ENUM_CONVERSION = YES;
				CLANG_WARN_INT_CONVERSION = YES;
				CLANG_WARN_OBJC_ROOT_CLASS = YES_ERROR;
				CLANG_WARN_UNREACHABLE_CODE = YES;
				CLANG_WARN__DUPLICATE_METHOD_MATCH = YES;
				"CODE_SIGN_IDENTITY[sdk=iphoneos*]" = "iPhone Developer";
				COPY_PHASE_STRIP = NO;
				DEBUG_INFORMATION_FORMAT = dwarf;
				ENABLE_STRICT_OBJC_MSGSEND = YES;
				ENABLE_TESTABILITY = YES;
				GCC_C_LANGUAGE_STANDARD = gnu99;
				GCC_DYNAMIC_NO_PIC = NO;
				GCC_NO_COMMON_BLOCKS = YES;
				GCC_OPTIMIZATION_LEVEL = 0;
				GCC_PREPROCESSOR_DEFINITIONS = (
					"DEBUG=1",
					"$(inherited)",
				);
				GCC_WARN_64_TO_32_BIT_CONVERSION = YES;
				GCC_WARN_ABOUT_RETURN_TYPE = YES_ERROR;
				GCC_WARN_UNDECLARED_SELECTOR = YES;
				GCC_WARN_UNINITIALIZED_AUTOS = YES_AGGRESSIVE;
				GCC_WARN_UNUSED_FUNCTION = YES;
				GCC_WARN_UNUSED_VARIABLE = YES;
				IPHONEOS_DEPLOYMENT_TARGET = 9.3;
				MTL_ENABLE_DEBUG_INFO = YES;
				ONLY_ACTIVE_ARCH = YES;
				SDKROOT = iphoneos;
				SWIFT_OPTIMIZATION_LEVEL = "-Onone";
				TARGETED_DEVICE_FAMILY = "1,2";
			};
			name = Debug;
		};
		369E5AB71D067DE700263EBA /* Release */ = {
			isa = XCBuildConfiguration;
			buildSettings = {
				ALWAYS_SEARCH_USER_PATHS = NO;
				CLANG_ANALYZER_NONNULL = YES;
				CLANG_CXX_LANGUAGE_STANDARD = "gnu++0x";
				CLANG_CXX_LIBRARY = "libc++";
				CLANG_ENABLE_MODULES = YES;
				CLANG_ENABLE_OBJC_ARC = YES;
				CLANG_WARN_BOOL_CONVERSION = YES;
				CLANG_WARN_CONSTANT_CONVERSION = YES;
				CLANG_WARN_DIRECT_OBJC_ISA_USAGE = YES_ERROR;
				CLANG_WARN_EMPTY_BODY = YES;
				CLANG_WARN_ENUM_CONVERSION = YES;
				CLANG_WARN_INT_CONVERSION = YES;
				CLANG_WARN_OBJC_ROOT_CLASS = YES_ERROR;
				CLANG_WARN_UNREACHABLE_CODE = YES;
				CLANG_WARN__DUPLICATE_METHOD_MATCH = YES;
				"CODE_SIGN_IDENTITY[sdk=iphoneos*]" = "iPhone Developer";
				COPY_PHASE_STRIP = NO;
				DEBUG_INFORMATION_FORMAT = "dwarf-with-dsym";
				ENABLE_NS_ASSERTIONS = NO;
				ENABLE_STRICT_OBJC_MSGSEND = YES;
				GCC_C_LANGUAGE_STANDARD = gnu99;
				GCC_NO_COMMON_BLOCKS = YES;
				GCC_WARN_64_TO_32_BIT_CONVERSION = YES;
				GCC_WARN_ABOUT_RETURN_TYPE = YES_ERROR;
				GCC_WARN_UNDECLARED_SELECTOR = YES;
				GCC_WARN_UNINITIALIZED_AUTOS = YES_AGGRESSIVE;
				GCC_WARN_UNUSED_FUNCTION = YES;
				GCC_WARN_UNUSED_VARIABLE = YES;
				IPHONEOS_DEPLOYMENT_TARGET = 9.3;
				MTL_ENABLE_DEBUG_INFO = NO;
				SDKROOT = iphoneos;
				TARGETED_DEVICE_FAMILY = "1,2";
				VALIDATE_PRODUCT = YES;
			};
			name = Release;
		};
		369E5AB91D067DE700263EBA /* Debug */ = {
			isa = XCBuildConfiguration;
			buildSettings = {
				ASSETCATALOG_COMPILER_APPICON_NAME = AppIcon;
				INFOPLIST_FILE = realDemo/Info.plist;
				LD_RUNPATH_SEARCH_PATHS = "$(inherited) @executable_path/Frameworks";
				PRODUCT_BUNDLE_IDENTIFIER = TuanAnh.realDemo;
				PRODUCT_NAME = "$(TARGET_NAME)";
			};
			name = Debug;
		};
		369E5ABA1D067DE700263EBA /* Release */ = {
			isa = XCBuildConfiguration;
			buildSettings = {
				ASSETCATALOG_COMPILER_APPICON_NAME = AppIcon;
				INFOPLIST_FILE = realDemo/Info.plist;
				LD_RUNPATH_SEARCH_PATHS = "$(inherited) @executable_path/Frameworks";
				PRODUCT_BUNDLE_IDENTIFIER = TuanAnh.realDemo;
				PRODUCT_NAME = "$(TARGET_NAME)";
			};
			name = Release;
		};
/* End XCBuildConfiguration section */

/* Begin XCConfigurationList section */
		369E5AA11D067DE700263EBA /* Build configuration list for PBXProject "realDemo" */ = {
			isa = XCConfigurationList;
			buildConfigurations = (
				369E5AB61D067DE700263EBA /* Debug */,
				369E5AB71D067DE700263EBA /* Release */,
			);
			defaultConfigurationIsVisible = 0;
			defaultConfigurationName = Release;
		};
		369E5AB81D067DE700263EBA /* Build configuration list for PBXNativeTarget "realDemo" */ = {
			isa = XCConfigurationList;
			buildConfigurations = (
				369E5AB91D067DE700263EBA /* Debug */,
				369E5ABA1D067DE700263EBA /* Release */,
			);
			defaultConfigurationIsVisible = 0;
		};
/* End XCConfigurationList section */
	};
	rootObject = 369E5A9E1D067DE700263EBA /* Project object */;
}
